// !$*UTF8*$!
{
	archiveVersion = 1;
	classes = {
	};
	objectVersion = 50;
	objects = {

/* Begin PBXBuildFile section */
		A55FA7C925237C160062131B /* AppDelegate.swift in Sources */ = {isa = PBXBuildFile; fileRef = A55FA7C825237C160062131B /* AppDelegate.swift */; };
		A55FA7CB25237C160062131B /* SceneDelegate.swift in Sources */ = {isa = PBXBuildFile; fileRef = A55FA7CA25237C160062131B /* SceneDelegate.swift */; };
		A55FA7CD25237C160062131B /* ViewController.swift in Sources */ = {isa = PBXBuildFile; fileRef = A55FA7CC25237C160062131B /* ViewController.swift */; };
		A55FA7D025237C160062131B /* Main.storyboard in Resources */ = {isa = PBXBuildFile; fileRef = A55FA7CE25237C160062131B /* Main.storyboard */; };
		A55FA7D225237C170062131B /* Assets.xcassets in Resources */ = {isa = PBXBuildFile; fileRef = A55FA7D125237C170062131B /* Assets.xcassets */; };
		A55FA7D525237C170062131B /* LaunchScreen.storyboard in Resources */ = {isa = PBXBuildFile; fileRef = A55FA7D325237C170062131B /* LaunchScreen.storyboard */; };
		A55FA7E025237C170062131B /* SocketTestTests.swift in Sources */ = {isa = PBXBuildFile; fileRef = A55FA7DF25237C170062131B /* SocketTestTests.swift */; };
		A55FA7EB25237C180062131B /* SocketTestUITests.swift in Sources */ = {isa = PBXBuildFile; fileRef = A55FA7EA25237C180062131B /* SocketTestUITests.swift */; };
/* End PBXBuildFile section */

/* Begin PBXContainerItemProxy section */
		A55FA7DC25237C170062131B /* PBXContainerItemProxy */ = {
			isa = PBXContainerItemProxy;
			containerPortal = A55FA7BD25237C160062131B /* Project object */;
			proxyType = 1;
			remoteGlobalIDString = A55FA7C425237C160062131B;
			remoteInfo = SocketTest;
		};
		A55FA7E725237C180062131B /* PBXContainerItemProxy */ = {
			isa = PBXContainerItemProxy;
			containerPortal = A55FA7BD25237C160062131B /* Project object */;
			proxyType = 1;
			remoteGlobalIDString = A55FA7C425237C160062131B;
			remoteInfo = SocketTest;
		};
/* End PBXContainerItemProxy section */

/* Begin PBXFileReference section */
		A55FA7C525237C160062131B /* SocketTest.app */ = {isa = PBXFileReference; explicitFileType = wrapper.application; includeInIndex = 0; path = SocketTest.app; sourceTree = BUILT_PRODUCTS_DIR; };
		A55FA7C825237C160062131B /* AppDelegate.swift */ = {isa = PBXFileReference; lastKnownFileType = sourcecode.swift; path = AppDelegate.swift; sourceTree = "<group>"; };
		A55FA7CA25237C160062131B /* SceneDelegate.swift */ = {isa = PBXFileReference; lastKnownFileType = sourcecode.swift; path = SceneDelegate.swift; sourceTree = "<group>"; };
		A55FA7CC25237C160062131B /* ViewController.swift */ = {isa = PBXFileReference; lastKnownFileType = sourcecode.swift; path = ViewController.swift; sourceTree = "<group>"; };
		A55FA7CF25237C160062131B /* Base */ = {isa = PBXFileReference; lastKnownFileType = file.storyboard; name = Base; path = Base.lproj/Main.storyboard; sourceTree = "<group>"; };
		A55FA7D125237C170062131B /* Assets.xcassets */ = {isa = PBXFileReference; lastKnownFileType = folder.assetcatalog; path = Assets.xcassets; sourceTree = "<group>"; };
		A55FA7D425237C170062131B /* Base */ = {isa = PBXFileReference; lastKnownFileType = file.storyboard; name = Base; path = Base.lproj/LaunchScreen.storyboard; sourceTree = "<group>"; };
		A55FA7D625237C170062131B /* Info.plist */ = {isa = PBXFileReference; lastKnownFileType = text.plist.xml; path = Info.plist; sourceTree = "<group>"; };
		A55FA7DB25237C170062131B /* SocketTestTests.xctest */ = {isa = PBXFileReference; explicitFileType = wrapper.cfbundle; includeInIndex = 0; path = SocketTestTests.xctest; sourceTree = BUILT_PRODUCTS_DIR; };
		A55FA7DF25237C170062131B /* SocketTestTests.swift */ = {isa = PBXFileReference; lastKnownFileType = sourcecode.swift; path = SocketTestTests.swift; sourceTree = "<group>"; };
		A55FA7E125237C170062131B /* Info.plist */ = {isa = PBXFileReference; lastKnownFileType = text.plist.xml; path = Info.plist; sourceTree = "<group>"; };
		A55FA7E625237C180062131B /* SocketTestUITests.xctest */ = {isa = PBXFileReference; explicitFileType = wrapper.cfbundle; includeInIndex = 0; path = SocketTestUITests.xctest; sourceTree = BUILT_PRODUCTS_DIR; };
		A55FA7EA25237C180062131B /* SocketTestUITests.swift */ = {isa = PBXFileReference; lastKnownFileType = sourcecode.swift; path = SocketTestUITests.swift; sourceTree = "<group>"; };
		A55FA7EC25237C180062131B /* Info.plist */ = {isa = PBXFileReference; lastKnownFileType = text.plist.xml; path = Info.plist; sourceTree = "<group>"; };
/* End PBXFileReference section */

/* Begin PBXFrameworksBuildPhase section */
		A55FA7C225237C160062131B /* Frameworks */ = {
			isa = PBXFrameworksBuildPhase;
			buildActionMask = 2147483647;
			files = (
			);
			runOnlyForDeploymentPostprocessing = 0;
		};
		A55FA7D825237C170062131B /* Frameworks */ = {
			isa = PBXFrameworksBuildPhase;
			buildActionMask = 2147483647;
			files = (
			);
			runOnlyForDeploymentPostprocessing = 0;
		};
		A55FA7E325237C180062131B /* Frameworks */ = {
			isa = PBXFrameworksBuildPhase;
			buildActionMask = 2147483647;
			files = (
			);
			runOnlyForDeploymentPostprocessing = 0;
		};
/* End PBXFrameworksBuildPhase section */

/* Begin PBXGroup section */
		A55FA7BC25237C160062131B = {
			isa = PBXGroup;
			children = (
				A55FA7C725237C160062131B /* SocketTest */,
				A55FA7DE25237C170062131B /* SocketTestTests */,
				A55FA7E925237C180062131B /* SocketTestUITests */,
				A55FA7C625237C160062131B /* Products */,
			);
			sourceTree = "<group>";
		};
		A55FA7C625237C160062131B /* Products */ = {
			isa = PBXGroup;
			children = (
				A55FA7C525237C160062131B /* SocketTest.app */,
				A55FA7DB25237C170062131B /* SocketTestTests.xctest */,
				A55FA7E625237C180062131B /* SocketTestUITests.xctest */,
			);
			name = Products;
			sourceTree = "<group>";
		};
		A55FA7C725237C160062131B /* SocketTest */ = {
			isa = PBXGroup;
			children = (
				A55FA7C825237C160062131B /* AppDelegate.swift */,
				A55FA7CA25237C160062131B /* SceneDelegate.swift */,
				A55FA7CC25237C160062131B /* ViewController.swift */,
				A55FA7CE25237C160062131B /* Main.storyboard */,
				A55FA7D125237C170062131B /* Assets.xcassets */,
				A55FA7D325237C170062131B /* LaunchScreen.storyboard */,
				A55FA7D625237C170062131B /* Info.plist */,
			);
			path = SocketTest;
			sourceTree = "<group>";
		};
		A55FA7DE25237C170062131B /* SocketTestTests */ = {
			isa = PBXGroup;
			children = (
				A55FA7DF25237C170062131B /* SocketTestTests.swift */,
				A55FA7E125237C170062131B /* Info.plist */,
			);
			path = SocketTestTests;
			sourceTree = "<group>";
		};
		A55FA7E925237C180062131B /* SocketTestUITests */ = {
			isa = PBXGroup;
			children = (
				A55FA7EA25237C180062131B /* SocketTestUITests.swift */,
				A55FA7EC25237C180062131B /* Info.plist */,
			);
			path = SocketTestUITests;
			sourceTree = "<group>";
		};
/* End PBXGroup section */

/* Begin PBXNativeTarget section */
		A55FA7C425237C160062131B /* SocketTest */ = {
			isa = PBXNativeTarget;
			buildConfigurationList = A55FA7EF25237C180062131B /* Build configuration list for PBXNativeTarget "SocketTest" */;
			buildPhases = (
				A55FA7C125237C160062131B /* Sources */,
				A55FA7C225237C160062131B /* Frameworks */,
				A55FA7C325237C160062131B /* Resources */,
			);
			buildRules = (
			);
			dependencies = (
			);
			name = SocketTest;
			productName = SocketTest;
			productReference = A55FA7C525237C160062131B /* SocketTest.app */;
			productType = "com.apple.product-type.application";
		};
		A55FA7DA25237C170062131B /* SocketTestTests */ = {
			isa = PBXNativeTarget;
			buildConfigurationList = A55FA7F225237C180062131B /* Build configuration list for PBXNativeTarget "SocketTestTests" */;
			buildPhases = (
				A55FA7D725237C170062131B /* Sources */,
				A55FA7D825237C170062131B /* Frameworks */,
				A55FA7D925237C170062131B /* Resources */,
			);
			buildRules = (
			);
			dependencies = (
				A55FA7DD25237C170062131B /* PBXTargetDependency */,
			);
			name = SocketTestTests;
			productName = SocketTestTests;
			productReference = A55FA7DB25237C170062131B /* SocketTestTests.xctest */;
			productType = "com.apple.product-type.bundle.unit-test";
		};
		A55FA7E525237C180062131B /* SocketTestUITests */ = {
			isa = PBXNativeTarget;
			buildConfigurationList = A55FA7F525237C180062131B /* Build configuration list for PBXNativeTarget "SocketTestUITests" */;
			buildPhases = (
				A55FA7E225237C180062131B /* Sources */,
				A55FA7E325237C180062131B /* Frameworks */,
				A55FA7E425237C180062131B /* Resources */,
			);
			buildRules = (
			);
			dependencies = (
				A55FA7E825237C180062131B /* PBXTargetDependency */,
			);
			name = SocketTestUITests;
			productName = SocketTestUITests;
			productReference = A55FA7E625237C180062131B /* SocketTestUITests.xctest */;
			productType = "com.apple.product-type.bundle.ui-testing";
		};
/* End PBXNativeTarget section */

/* Begin PBXProject section */
		A55FA7BD25237C160062131B /* Project object */ = {
			isa = PBXProject;
			attributes = {
				LastSwiftUpdateCheck = 1200;
				LastUpgradeCheck = 1200;
				TargetAttributes = {
					A55FA7C425237C160062131B = {
						CreatedOnToolsVersion = 12.0;
					};
					A55FA7DA25237C170062131B = {
						CreatedOnToolsVersion = 12.0;
						TestTargetID = A55FA7C425237C160062131B;
					};
					A55FA7E525237C180062131B = {
						CreatedOnToolsVersion = 12.0;
						TestTargetID = A55FA7C425237C160062131B;
					};
				};
			};
			buildConfigurationList = A55FA7C025237C160062131B /* Build configuration list for PBXProject "SocketTest" */;
			compatibilityVersion = "Xcode 9.3";
			developmentRegion = en;
			hasScannedForEncodings = 0;
			knownRegions = (
				en,
				Base,
			);
			mainGroup = A55FA7BC25237C160062131B;
			productRefGroup = A55FA7C625237C160062131B /* Products */;
			projectDirPath = "";
			projectRoot = "";
			targets = (
				A55FA7C425237C160062131B /* SocketTest */,
				A55FA7DA25237C170062131B /* SocketTestTests */,
				A55FA7E525237C180062131B /* SocketTestUITests */,
			);
		};
/* End PBXProject section */

/* Begin PBXResourcesBuildPhase section */
		A55FA7C325237C160062131B /* Resources */ = {
			isa = PBXResourcesBuildPhase;
			buildActionMask = 2147483647;
			files = (
				A55FA7D525237C170062131B /* LaunchScreen.storyboard in Resources */,
				A55FA7D225237C170062131B /* Assets.xcassets in Resources */,
				A55FA7D025237C160062131B /* Main.storyboard in Resources */,
			);
			runOnlyForDeploymentPostprocessing = 0;
		};
		A55FA7D925237C170062131B /* Resources */ = {
			isa = PBXResourcesBuildPhase;
			buildActionMask = 2147483647;
			files = (
			);
			runOnlyForDeploymentPostprocessing = 0;
		};
		A55FA7E425237C180062131B /* Resources */ = {
			isa = PBXResourcesBuildPhase;
			buildActionMask = 2147483647;
			files = (
			);
			runOnlyForDeploymentPostprocessing = 0;
		};
/* End PBXResourcesBuildPhase section */

/* Begin PBXSourcesBuildPhase section */
		A55FA7C125237C160062131B /* Sources */ = {
			isa = PBXSourcesBuildPhase;
			buildActionMask = 2147483647;
			files = (
				A55FA7CD25237C160062131B /* ViewController.swift in Sources */,
				A55FA7C925237C160062131B /* AppDelegate.swift in Sources */,
				A55FA7CB25237C160062131B /* SceneDelegate.swift in Sources */,
			);
			runOnlyForDeploymentPostprocessing = 0;
		};
		A55FA7D725237C170062131B /* Sources */ = {
			isa = PBXSourcesBuildPhase;
			buildActionMask = 2147483647;
			files = (
				A55FA7E025237C170062131B /* SocketTestTests.swift in Sources */,
			);
			runOnlyForDeploymentPostprocessing = 0;
		};
		A55FA7E225237C180062131B /* Sources */ = {
			isa = PBXSourcesBuildPhase;
			buildActionMask = 2147483647;
			files = (
				A55FA7EB25237C180062131B /* SocketTestUITests.swift in Sources */,
			);
			runOnlyForDeploymentPostprocessing = 0;
		};
/* End PBXSourcesBuildPhase section */

/* Begin PBXTargetDependency section */
		A55FA7DD25237C170062131B /* PBXTargetDependency */ = {
			isa = PBXTargetDependency;
			target = A55FA7C425237C160062131B /* SocketTest */;
			targetProxy = A55FA7DC25237C170062131B /* PBXContainerItemProxy */;
		};
		A55FA7E825237C180062131B /* PBXTargetDependency */ = {
			isa = PBXTargetDependency;
			target = A55FA7C425237C160062131B /* SocketTest */;
			targetProxy = A55FA7E725237C180062131B /* PBXContainerItemProxy */;
		};
/* End PBXTargetDependency section */

/* Begin PBXVariantGroup section */
		A55FA7CE25237C160062131B /* Main.storyboard */ = {
			isa = PBXVariantGroup;
			children = (
				A55FA7CF25237C160062131B /* Base */,
			);
			name = Main.storyboard;
			sourceTree = "<group>";
		};
		A55FA7D325237C170062131B /* LaunchScreen.storyboard */ = {
			isa = PBXVariantGroup;
			children = (
				A55FA7D425237C170062131B /* Base */,
			);
			name = LaunchScreen.storyboard;
			sourceTree = "<group>";
		};
/* End PBXVariantGroup section */

/* Begin XCBuildConfiguration section */
		A55FA7ED25237C180062131B /* Debug */ = {
			isa = XCBuildConfiguration;
			buildSettings = {
				ALWAYS_SEARCH_USER_PATHS = NO;
				CLANG_ANALYZER_NONNULL = YES;
				CLANG_ANALYZER_NUMBER_OBJECT_CONVERSION = YES_AGGRESSIVE;
				CLANG_CXX_LANGUAGE_STANDARD = "gnu++14";
				CLANG_CXX_LIBRARY = "libc++";
				CLANG_ENABLE_MODULES = YES;
				CLANG_ENABLE_OBJC_ARC = YES;
				CLANG_ENABLE_OBJC_WEAK = YES;
				CLANG_WARN_BLOCK_CAPTURE_AUTORELEASING = YES;
				CLANG_WARN_BOOL_CONVERSION = YES;
				CLANG_WARN_COMMA = YES;
				CLANG_WARN_CONSTANT_CONVERSION = YES;
				CLANG_WARN_DEPRECATED_OBJC_IMPLEMENTATIONS = YES;
				CLANG_WARN_DIRECT_OBJC_ISA_USAGE = YES_ERROR;
				CLANG_WARN_DOCUMENTATION_COMMENTS = YES;
				CLANG_WARN_EMPTY_BODY = YES;
				CLANG_WARN_ENUM_CONVERSION = YES;
				CLANG_WARN_INFINITE_RECURSION = YES;
				CLANG_WARN_INT_CONVERSION = YES;
				CLANG_WARN_NON_LITERAL_NULL_CONVERSION = YES;
				CLANG_WARN_OBJC_IMPLICIT_RETAIN_SELF = YES;
				CLANG_WARN_OBJC_LITERAL_CONVERSION = YES;
				CLANG_WARN_OBJC_ROOT_CLASS = YES_ERROR;
				CLANG_WARN_QUOTED_INCLUDE_IN_FRAMEWORK_HEADER = YES;
				CLANG_WARN_RANGE_LOOP_ANALYSIS = YES;
				CLANG_WARN_STRICT_PROTOTYPES = YES;
				CLANG_WARN_SUSPICIOUS_MOVE = YES;
				CLANG_WARN_UNGUARDED_AVAILABILITY = YES_AGGRESSIVE;
				CLANG_WARN_UNREACHABLE_CODE = YES;
				CLANG_WARN__DUPLICATE_METHOD_MATCH = YES;
				COPY_PHASE_STRIP = NO;
				DEBUG_INFORMATION_FORMAT = dwarf;
				ENABLE_STRICT_OBJC_MSGSEND = YES;
				ENABLE_TESTABILITY = YES;
				GCC_C_LANGUAGE_STANDARD = gnu11;
				GCC_DYNAMIC_NO_PIC = NO;
				GCC_NO_COMMON_BLOCKS = YES;
				GCC_OPTIMIZATION_LEVEL = 0;
				GCC_PREPROCESSOR_DEFINITIONS = (
					"DEBUG=1",
					"$(inherited)",
				);
				GCC_WARN_64_TO_32_BIT_CONVERSION = YES;
				GCC_WARN_ABOUT_RETURN_TYPE = YES_ERROR;
				GCC_WARN_UNDECLARED_SELECTOR = YES;
				GCC_WARN_UNINITIALIZED_AUTOS = YES_AGGRESSIVE;
				GCC_WARN_UNUSED_FUNCTION = YES;
				GCC_WARN_UNUSED_VARIABLE = YES;
				IPHONEOS_DEPLOYMENT_TARGET = 14.0;
				MTL_ENABLE_DEBUG_INFO = INCLUDE_SOURCE;
				MTL_FAST_MATH = YES;
				ONLY_ACTIVE_ARCH = YES;
				SDKROOT = iphoneos;
				SWIFT_ACTIVE_COMPILATION_CONDITIONS = DEBUG;
				SWIFT_OPTIMIZATION_LEVEL = "-Onone";
			};
			name = Debug;
		};
		A55FA7EE25237C180062131B /* Release */ = {
			isa = XCBuildConfiguration;
			buildSettings = {
				ALWAYS_SEARCH_USER_PATHS = NO;
				CLANG_ANALYZER_NONNULL = YES;
				CLANG_ANALYZER_NUMBER_OBJECT_CONVERSION = YES_AGGRESSIVE;
				CLANG_CXX_LANGUAGE_STANDARD = "gnu++14";
				CLANG_CXX_LIBRARY = "libc++";
				CLANG_ENABLE_MODULES = YES;
				CLANG_ENABLE_OBJC_ARC = YES;
				CLANG_ENABLE_OBJC_WEAK = YES;
				CLANG_WARN_BLOCK_CAPTURE_AUTORELEASING = YES;
				CLANG_WARN_BOOL_CONVERSION = YES;
				CLANG_WARN_COMMA = YES;
				CLANG_WARN_CONSTANT_CONVERSION = YES;
				CLANG_WARN_DEPRECATED_OBJC_IMPLEMENTATIONS = YES;
				CLANG_WARN_DIRECT_OBJC_ISA_USAGE = YES_ERROR;
				CLANG_WARN_DOCUMENTATION_COMMENTS = YES;
				CLANG_WARN_EMPTY_BODY = YES;
				CLANG_WARN_ENUM_CONVERSION = YES;
				CLANG_WARN_INFINITE_RECURSION = YES;
				CLANG_WARN_INT_CONVERSION = YES;
				CLANG_WARN_NON_LITERAL_NULL_CONVERSION = YES;
				CLANG_WARN_OBJC_IMPLICIT_RETAIN_SELF = YES;
				CLANG_WARN_OBJC_LITERAL_CONVERSION = YES;
				CLANG_WARN_OBJC_ROOT_CLASS = YES_ERROR;
				CLANG_WARN_QUOTED_INCLUDE_IN_FRAMEWORK_HEADER = YES;
				CLANG_WARN_RANGE_LOOP_ANALYSIS = YES;
				CLANG_WARN_STRICT_PROTOTYPES = YES;
				CLANG_WARN_SUSPICIOUS_MOVE = YES;
				CLANG_WARN_UNGUARDED_AVAILABILITY = YES_AGGRESSIVE;
				CLANG_WARN_UNREACHABLE_CODE = YES;
				CLANG_WARN__DUPLICATE_METHOD_MATCH = YES;
				COPY_PHASE_STRIP = NO;
				DEBUG_INFORMATION_FORMAT = "dwarf-with-dsym";
				ENABLE_NS_ASSERTIONS = NO;
				ENABLE_STRICT_OBJC_MSGSEND = YES;
				GCC_C_LANGUAGE_STANDARD = gnu11;
				GCC_NO_COMMON_BLOCKS = YES;
				GCC_WARN_64_TO_32_BIT_CONVERSION = YES;
				GCC_WARN_ABOUT_RETURN_TYPE = YES_ERROR;
				GCC_WARN_UNDECLARED_SELECTOR = YES;
				GCC_WARN_UNINITIALIZED_AUTOS = YES_AGGRESSIVE;
				GCC_WARN_UNUSED_FUNCTION = YES;
				GCC_WARN_UNUSED_VARIABLE = YES;
				IPHONEOS_DEPLOYMENT_TARGET = 14.0;
				MTL_ENABLE_DEBUG_INFO = NO;
				MTL_FAST_MATH = YES;
				SDKROOT = iphoneos;
				SWIFT_COMPILATION_MODE = wholemodule;
				SWIFT_OPTIMIZATION_LEVEL = "-O";
				VALIDATE_PRODUCT = YES;
			};
			name = Release;
		};
		A55FA7F025237C180062131B /* Debug */ = {
			isa = XCBuildConfiguration;
			buildSettings = {
				ASSETCATALOG_COMPILER_APPICON_NAME = AppIcon;
				ASSETCATALOG_COMPILER_GLOBAL_ACCENT_COLOR_NAME = AccentColor;
				CODE_SIGN_STYLE = Automatic;
				DEVELOPMENT_TEAM = TG4L9MF5FD;
				INFOPLIST_FILE = SocketTest/Info.plist;
				LD_RUNPATH_SEARCH_PATHS = (
					"$(inherited)",
					"@executable_path/Frameworks",
				);
				PRODUCT_BUNDLE_IDENTIFIER = com.onceagain.SocketTest;
				PRODUCT_NAME = "$(TARGET_NAME)";
				SWIFT_VERSION = 5.0;
				TARGETED_DEVICE_FAMILY = "1,2";
			};
			name = Debug;
		};
		A55FA7F125237C180062131B /* Release */ = {
			isa = XCBuildConfiguration;
			buildSettings = {
				ASSETCATALOG_COMPILER_APPICON_NAME = AppIcon;
				ASSETCATALOG_COMPILER_GLOBAL_ACCENT_COLOR_NAME = AccentColor;
				CODE_SIGN_STYLE = Automatic;
				DEVELOPMENT_TEAM = TG4L9MF5FD;
				INFOPLIST_FILE = SocketTest/Info.plist;
				LD_RUNPATH_SEARCH_PATHS = (
					"$(inherited)",
					"@executable_path/Frameworks",
				);
				PRODUCT_BUNDLE_IDENTIFIER = com.onceagain.SocketTest;
				PRODUCT_NAME = "$(TARGET_NAME)";
				SWIFT_VERSION = 5.0;
				TARGETED_DEVICE_FAMILY = "1,2";
			};
			name = Release;
		};
		A55FA7F325237C180062131B /* Debug */ = {
			isa = XCBuildConfiguration;
			buildSettings = {
				ALWAYS_EMBED_SWIFT_STANDARD_LIBRARIES = YES;
				BUNDLE_LOADER = "$(TEST_HOST)";
				CODE_SIGN_STYLE = Automatic;
				DEVELOPMENT_TEAM = TG4L9MF5FD;
				INFOPLIST_FILE = SocketTestTests/Info.plist;
				IPHONEOS_DEPLOYMENT_TARGET = 14.0;
				LD_RUNPATH_SEARCH_PATHS = (
					"$(inherited)",
					"@executable_path/Frameworks",
					"@loader_path/Frameworks",
				);
				PRODUCT_BUNDLE_IDENTIFIER = com.onceagain.SocketTestTests;
				PRODUCT_NAME = "$(TARGET_NAME)";
				SWIFT_VERSION = 5.0;
				TARGETED_DEVICE_FAMILY = "1,2";
				TEST_HOST = "$(BUILT_PRODUCTS_DIR)/SocketTest.app/SocketTest";
			};
			name = Debug;
		};
		A55FA7F425237C180062131B /* Release */ = {
			isa = XCBuildConfiguration;
			buildSettings = {
				ALWAYS_EMBED_SWIFT_STANDARD_LIBRARIES = YES;
				BUNDLE_LOADER = "$(TEST_HOST)";
				CODE_SIGN_STYLE = Automatic;
				DEVELOPMENT_TEAM = TG4L9MF5FD;
				INFOPLIST_FILE = SocketTestTests/Info.plist;
				IPHONEOS_DEPLOYMENT_TARGET = 14.0;
				LD_RUNPATH_SEARCH_PATHS = (
					"$(inherited)",
					"@executable_path/Frameworks",
					"@loader_path/Frameworks",
				);
				PRODUCT_BUNDLE_IDENTIFIER = com.onceagain.SocketTestTests;
				PRODUCT_NAME = "$(TARGET_NAME)";
				SWIFT_VERSION = 5.0;
				TARGETED_DEVICE_FAMILY = "1,2";
				TEST_HOST = "$(BUILT_PRODUCTS_DIR)/SocketTest.app/SocketTest";
			};
			name = Release;
		};
		A55FA7F625237C180062131B /* Debug */ = {
			isa = XCBuildConfiguration;
			buildSettings = {
				ALWAYS_EMBED_SWIFT_STANDARD_LIBRARIES = YES;
				CODE_SIGN_STYLE = Automatic;
				DEVELOPMENT_TEAM = TG4L9MF5FD;
				INFOPLIST_FILE = SocketTestUITests/Info.plist;
				LD_RUNPATH_SEARCH_PATHS = (
					"$(inherited)",
					"@executable_path/Frameworks",
					"@loader_path/Frameworks",
				);
				PRODUCT_BUNDLE_IDENTIFIER = com.onceagain.SocketTestUITests;
				PRODUCT_NAME = "$(TARGET_NAME)";
				SWIFT_VERSION = 5.0;
				TARGETED_DEVICE_FAMILY = "1,2";
				TEST_TARGET_NAME = SocketTest;
			};
			name = Debug;
		};
		A55FA7F725237C180062131B /* Release */ = {
			isa = XCBuildConfiguration;
			buildSettings = {
				ALWAYS_EMBED_SWIFT_STANDARD_LIBRARIES = YES;
				CODE_SIGN_STYLE = Automatic;
				DEVELOPMENT_TEAM = TG4L9MF5FD;
				INFOPLIST_FILE = SocketTestUITests/Info.plist;
				LD_RUNPATH_SEARCH_PATHS = (
					"$(inherited)",
					"@executable_path/Frameworks",
					"@loader_path/Frameworks",
				);
				PRODUCT_BUNDLE_IDENTIFIER = com.onceagain.SocketTestUITests;
				PRODUCT_NAME = "$(TARGET_NAME)";
				SWIFT_VERSION = 5.0;
				TARGETED_DEVICE_FAMILY = "1,2";
				TEST_TARGET_NAME = SocketTest;
			};
			name = Release;
		};
/* End XCBuildConfiguration section */

/* Begin XCConfigurationList section */
		A55FA7C025237C160062131B /* Build configuration list for PBXProject "SocketTest" */ = {
			isa = XCConfigurationList;
			buildConfigurations = (
				A55FA7ED25237C180062131B /* Debug */,
				A55FA7EE25237C180062131B /* Release */,
			);
			defaultConfigurationIsVisible = 0;
			defaultConfigurationName = Release;
		};
		A55FA7EF25237C180062131B /* Build configuration list for PBXNativeTarget "SocketTest" */ = {
			isa = XCConfigurationList;
			buildConfigurations = (
				A55FA7F025237C180062131B /* Debug */,
				A55FA7F125237C180062131B /* Release */,
			);
			defaultConfigurationIsVisible = 0;
			defaultConfigurationName = Release;
		};
		A55FA7F225237C180062131B /* Build configuration list for PBXNativeTarget "SocketTestTests" */ = {
			isa = XCConfigurationList;
			buildConfigurations = (
				A55FA7F325237C180062131B /* Debug */,
				A55FA7F425237C180062131B /* Release */,
			);
			defaultConfigurationIsVisible = 0;
			defaultConfigurationName = Release;
		};
		A55FA7F525237C180062131B /* Build configuration list for PBXNativeTarget "SocketTestUITests" */ = {
			isa = XCConfigurationList;
			buildConfigurations = (
				A55FA7F625237C180062131B /* Debug */,
				A55FA7F725237C180062131B /* Release */,
			);
			defaultConfigurationIsVisible = 0;
			defaultConfigurationName = Release;
		};
/* End XCConfigurationList section */
	};
	rootObject = A55FA7BD25237C160062131B /* Project object */;
}
